{
  "version": 4,
  "terraform_version": "1.5.7",
  "serial": 64,
  "lineage": "86f68020-8e03-75d6-5a17-89a348df97e3",
  "outputs": {},
  "resources": [
    {
      "mode": "managed",
      "type": "artifactory_remote_gradle_repository",
      "name": "gradle-remote",
      "provider": "provider[\"registry.terraform.io/jfrog/artifactory\"]",
      "instances": [
        {
          "schema_version": 3,
          "attributes": {
            "allow_any_host_auth": false,
            "assumed_offline_period_secs": 300,
            "blacked_out": false,
            "block_mismatching_mime_types": true,
            "bypass_head_requests": false,
            "cdn_redirect": false,
            "client_tls_certificate": "",
            "content_synchronisation": [
              {
                "enabled": false,
                "properties_enabled": false,
                "source_origin_absence_detection": false,
                "statistics_enabled": false
              }
            ],
            "description": "",
            "disable_proxy": false,
            "disable_url_normalization": false,
            "download_direct": false,
            "enable_cookie_management": false,
            "excludes_pattern": "",
            "fetch_jars_eagerly": false,
            "fetch_sources_eagerly": false,
            "handle_releases": true,
            "handle_snapshots": true,
            "hard_fail": false,
            "id": "davidko-gradle-remote",
            "includes_pattern": "**/*",
            "key": "davidko-gradle-remote",
            "list_remote_folder_items": false,
            "local_address": "",
            "metadata_retrieval_timeout_secs": 60,
            "mismatching_mime_types_override_list": "",
            "missed_cache_period_seconds": 1800,
            "notes": "",
            "offline": false,
            "package_type": "gradle",
            "password": null,
            "priority_resolution": false,
            "project_environments": [],
            "project_key": "",
            "property_sets": [
              "artifactory"
            ],
            "proxy": "",
            "query_params": "",
            "reject_invalid_jars": false,
            "remote_repo_checksum_policy_type": "generate-if-absent",
            "remote_repo_layout_ref": "",
            "repo_layout_ref": "maven-2-default",
            "retrieval_cache_period_seconds": 7200,
            "share_configuration": false,
            "socket_timeout_millis": 15000,
            "store_artifacts_locally": true,
            "suppress_pom_consistency_checks": true,
            "synchronize_properties": false,
            "unused_artifacts_cleanup_period_hours": 0,
            "url": "https://repo1.maven.org/maven2/",
            "username": "",
            "xray_index": false
          },
          "sensitive_attributes": [],
          "private": "eyJzY2hlbWFfdmVyc2lvbiI6IjMifQ=="
        }
      ]
    },
    {
      "mode": "managed",
      "type": "artifactory_remote_maven_repository",
      "name": "remoteservice_maven_central",
      "provider": "provider[\"registry.terraform.io/jfrog/artifactory\"]",
      "instances": [
        {
          "schema_version": 2,
          "attributes": {
            "allow_any_host_auth": false,
            "assumed_offline_period_secs": 300,
            "blacked_out": false,
            "block_mismatching_mime_types": true,
            "bypass_head_requests": false,
            "cdn_redirect": false,
            "client_tls_certificate": "",
            "content_synchronisation": [
              {
                "enabled": false,
                "properties_enabled": false,
                "source_origin_absence_detection": false,
                "statistics_enabled": false
              }
            ],
            "curated": true,
            "description": "",
            "disable_proxy": false,
            "disable_url_normalization": false,
            "download_direct": false,
            "enable_cookie_management": false,
            "excludes_pattern": "com/bmw/**",
            "fetch_jars_eagerly": false,
            "fetch_sources_eagerly": false,
            "handle_releases": true,
            "handle_snapshots": true,
            "hard_fail": false,
            "id": "davidko-maven-remote",
            "includes_pattern": "**/*",
            "key": "davidko-maven-remote",
            "list_remote_folder_items": true,
            "local_address": "",
            "metadata_retrieval_timeout_secs": 60,
            "mismatching_mime_types_override_list": "",
            "missed_cache_period_seconds": 1800,
            "notes": "",
            "offline": false,
            "package_type": "maven",
            "password": null,
            "priority_resolution": false,
            "project_environments": [],
            "project_key": "",
            "property_sets": [],
            "proxy": "",
            "query_params": "",
            "reject_invalid_jars": false,
            "remote_repo_checksum_policy_type": "generate-if-absent",
            "remote_repo_layout_ref": "",
            "repo_layout_ref": "maven-2-default",
            "retrieval_cache_period_seconds": 7200,
            "share_configuration": false,
            "socket_timeout_millis": 15000,
            "store_artifacts_locally": true,
            "suppress_pom_consistency_checks": false,
            "synchronize_properties": false,
            "unused_artifacts_cleanup_period_hours": 480,
            "url": "https://repo1.maven.org/maven2/",
            "username": "",
            "xray_index": true
          },
          "sensitive_attributes": [],
          "private": "eyJzY2hlbWFfdmVyc2lvbiI6IjIifQ=="
        }
      ]
    },
    {
      "mode": "managed",
      "type": "artifactory_remote_npm_repository",
      "name": "npm-remote",
      "provider": "provider[\"registry.terraform.io/jfrog/artifactory\"]",
      "instances": [
        {
          "schema_version": 3,
          "attributes": {
            "allow_any_host_auth": false,
            "assumed_offline_period_secs": 300,
            "blacked_out": false,
            "block_mismatching_mime_types": true,
            "bypass_head_requests": false,
            "cdn_redirect": false,
            "client_tls_certificate": "",
            "content_synchronisation": [
              {
                "enabled": false,
                "properties_enabled": false,
                "source_origin_absence_detection": false,
                "statistics_enabled": false
              }
            ],
            "curated": true,
            "description": "",
            "disable_proxy": false,
            "disable_url_normalization": false,
            "download_direct": false,
            "enable_cookie_management": false,
            "excludes_pattern": "",
            "hard_fail": false,
            "id": "davidko-npm-remote",
            "includes_pattern": "**/*",
            "key": "davidko-npm-remote",
            "list_remote_folder_items": true,
            "local_address": "",
            "metadata_retrieval_timeout_secs": 60,
            "mismatching_mime_types_override_list": "",
            "missed_cache_period_seconds": 1800,
            "notes": "",
            "offline": false,
            "package_type": "npm",
            "password": null,
            "priority_resolution": false,
            "project_environments": [],
            "project_key": "",
            "property_sets": [],
            "proxy": "",
            "query_params": "",
            "remote_repo_layout_ref": "",
            "repo_layout_ref": "npm-default",
            "retrieval_cache_period_seconds": 7200,
            "share_configuration": false,
            "socket_timeout_millis": 15000,
            "store_artifacts_locally": true,
            "synchronize_properties": false,
            "unused_artifacts_cleanup_period_hours": 0,
            "url": "https://registry.npmjs.org",
            "username": "",
            "xray_index": false
          },
          "sensitive_attributes": [],
          "private": "eyJzY2hlbWFfdmVyc2lvbiI6IjMifQ=="
        }
      ]
    },
    {
      "mode": "managed",
      "type": "artifactory_remote_nuget_repository",
      "name": "nuget-remote",
      "provider": "provider[\"registry.terraform.io/jfrog/artifactory\"]",
      "instances": [
        {
          "schema_version": 3,
          "attributes": {
            "allow_any_host_auth": false,
            "assumed_offline_period_secs": 300,
            "blacked_out": false,
            "block_mismatching_mime_types": true,
            "bypass_head_requests": false,
            "cdn_redirect": false,
            "client_tls_certificate": "",
            "content_synchronisation": [
              {
                "enabled": false,
                "properties_enabled": false,
                "source_origin_absence_detection": false,
                "statistics_enabled": false
              }
            ],
            "description": "",
            "disable_proxy": false,
            "disable_url_normalization": false,
            "download_context_path": "api/v2/package",
            "download_direct": false,
            "enable_cookie_management": false,
            "excludes_pattern": "",
            "feed_context_path": "api/v2",
            "force_nuget_authentication": false,
            "hard_fail": false,
            "id": "davidko-nuget-remote",
            "includes_pattern": "**/*",
            "key": "davidko-nuget-remote",
            "list_remote_folder_items": false,
            "local_address": "",
            "metadata_retrieval_timeout_secs": 60,
            "mismatching_mime_types_override_list": "",
            "missed_cache_period_seconds": 1800,
            "notes": "",
            "offline": false,
            "package_type": "nuget",
            "password": null,
            "priority_resolution": false,
            "project_environments": [],
            "project_key": "",
            "property_sets": [],
            "proxy": "",
            "query_params": "",
            "remote_repo_layout_ref": "",
            "repo_layout_ref": "nuget-default",
            "retrieval_cache_period_seconds": 7200,
            "share_configuration": false,
            "socket_timeout_millis": 15000,
            "store_artifacts_locally": true,
            "symbol_server_url": "https://symbols.nuget.org/download/symbols",
            "synchronize_properties": false,
            "unused_artifacts_cleanup_period_hours": 0,
            "url": "https://www.nuget.org/",
            "username": "",
            "v3_feed_url": "https://api.nuget.org/v3/index.json",
            "xray_index": true
          },
          "sensitive_attributes": [],
          "private": "eyJzY2hlbWFfdmVyc2lvbiI6IjMifQ=="
        }
      ]
    },
    {
      "mode": "managed",
      "type": "xray_repository_config",
      "name": "xray-repo-config",
      "provider": "provider[\"registry.terraform.io/jfrog/xray\"]",
      "instances": [
        {
          "schema_version": 1,
          "attributes": {
            "config": [
              {
                "exposures": [
                  {
                    "scanners_category": [
                      {
                        "applications": true,
                        "iac": true,
                        "secrets": true,
                        "services": true
                      }
                    ]
                  }
                ],
                "retention_in_days": 90,
                "vuln_contextual_analysis": true
              }
            ],
            "jas_enabled": true,
            "paths_config": [
              {
                "all_other_artifacts": [
                  {
                    "index_new_artifacts": true,
                    "retention_in_days": 60
                  }
                ],
                "pattern": [
                  {
                    "exclude": "core/external/**",
                    "include": "core/**",
                    "index_new_artifacts": true,
                    "retention_in_days": 45
                  },
                  {
                    "exclude": "core/internal/**",
                    "include": "core/**",
                    "index_new_artifacts": true,
                    "retention_in_days": 60
                  }
                ]
              }
            ],
            "repo_name": "davidko-docker-local"
          },
          "sensitive_attributes": []
        }
      ]
    }
  ],
  "check_results": null
}
